{
  "version": 4,
  "terraform_version": "1.14.0",
  "serial": 18,
  "lineage": "5fd7ae8f-c360-c36d-8da7-0b119ff54207",
  "outputs": {},
  "resources": [
    {
      "mode": "managed",
      "type": "google_compute_instance",
      "name": "c1",
      "provider": "provider[\"registry.terraform.io/hashicorp/google\"]",
      "instances": [
        {
          "schema_version": 6,
          "attributes": {
            "advanced_machine_features": [],
            "allow_stopping_for_update": null,
            "attached_disk": [],
            "boot_disk": [
              {
                "auto_delete": true,
                "device_name": "persistent-disk-0",
                "disk_encryption_key_raw": "",
                "disk_encryption_key_sha256": "",
                "initialize_params": [
                  {
                    "image": "https://www.googleapis.com/compute/v1/projects/ubuntu-os-cloud/global/images/ubuntu-2404-noble-amd64-v20251121",
                    "labels": {},
                    "resource_manager_tags": null,
                    "size": 20,
                    "type": "pd-ssd"
                  }
                ],
                "kms_key_self_link": "",
                "mode": "READ_WRITE",
                "source": "https://www.googleapis.com/compute/v1/projects/cka-lab-479912/zones/us-east1-b/disks/control-1"
              }
            ],
            "can_ip_forward": true,
            "confidential_instance_config": [],
            "cpu_platform": "Intel Broadwell",
            "current_status": "RUNNING",
            "deletion_protection": false,
            "description": "",
            "desired_status": null,
            "enable_display": false,
            "guest_accelerator": [],
            "hostname": "c1.cka",
            "id": "projects/cka-lab-479912/zones/us-east1-b/instances/control-1",
            "instance_id": "2603416333882232277",
            "label_fingerprint": "42WmSpB8rSM=",
            "labels": null,
            "machine_type": "e2-small",
            "metadata": {
              "enable-osconfig": "TRUE",
              "ssh-keys": "ssh-ed25519 AAAAC3NzaC1lZDI1NTE5AAAAIOuvHz4ovrcF3Uj2B9X7Jwgt9VV1wDR6KNRR433zJGx4 elliot, ssh-rsa AAAAB3NzaC1yc2EAAAADAQABAAABAQC2icGmmoZi1OgKVS37SIquk0MO+FWtZBjxRK+tLKxd5h3hacuqZ4SkWWRrd1K2nRO3uazKZASEUo6ksvDDqpviQZOeVsA/9Q0JYXNSB9IRahebgId12beII+kbEDl57wb9czb8K4dMCuU0Rn8mqmaBjM1ruPGaocO7oGyGJEgEUEMJwiKHzz0EfK2QcwDVQ2IExcOAiS3g2SP/pSVkqZjjnwXoO56d6yHAGGp/XpzHu9OW03KNnSlgi9kuQSSwetzTCOUDRbXG0Z1Is4AAdKrSzQ2RkUIVZalUtRAeUSjiWMD4lu4yEdRnQE36Arz3us11CowUb+m44d2u4Qm088Ul elliot"
            },
            "metadata_fingerprint": "lbWZ69C3-gQ=",
            "metadata_startup_script": null,
            "min_cpu_platform": "",
            "name": "control-1",
            "network_interface": [
              {
                "access_config": [
                  {
                    "nat_ip": "34.75.229.125",
                    "network_tier": "PREMIUM",
                    "public_ptr_domain_name": ""
                  }
                ],
                "alias_ip_range": [],
                "internal_ipv6_prefix_length": 0,
                "ipv6_access_config": [],
                "ipv6_access_type": "",
                "ipv6_address": "",
                "name": "nic0",
                "network": "https://www.googleapis.com/compute/v1/projects/cka-lab-479912/global/networks/default",
                "network_ip": "10.0.0.8",
                "nic_type": "",
                "queue_count": 0,
                "stack_type": "IPV4_ONLY",
                "subnetwork": "https://www.googleapis.com/compute/v1/projects/cka-lab-479912/regions/us-east1/subnetworks/kubernetes-subnet",
                "subnetwork_project": "cka-lab-479912"
              }
            ],
            "network_performance_config": [],
            "params": [],
            "project": "cka-lab-479912",
            "reservation_affinity": [],
            "resource_policies": null,
            "scheduling": [
              {
                "automatic_restart": true,
                "instance_termination_action": "",
                "local_ssd_recovery_timeout": [],
                "min_node_cpus": 0,
                "node_affinities": [],
                "on_host_maintenance": "MIGRATE",
                "preemptible": false,
                "provisioning_model": "STANDARD"
              }
            ],
            "scratch_disk": [],
            "self_link": "https://www.googleapis.com/compute/v1/projects/cka-lab-479912/zones/us-east1-b/instances/control-1",
            "service_account": [],
            "shielded_instance_config": [
              {
                "enable_integrity_monitoring": true,
                "enable_secure_boot": false,
                "enable_vtpm": true
              }
            ],
            "tags": [
              "http-server"
            ],
            "tags_fingerprint": "FYLDgkTKlA4=",
            "timeouts": null,
            "zone": "us-east1-b"
          },
          "sensitive_attributes": [
            [
              {
                "type": "get_attr",
                "value": "boot_disk"
              },
              {
                "type": "index",
                "value": {
                  "value": 0,
                  "type": "number"
                }
              },
              {
                "type": "get_attr",
                "value": "disk_encryption_key_raw"
              }
            ]
          ],
          "identity_schema_version": 0,
          "private": "eyJlMmJmYjczMC1lY2FhLTExZTYtOGY4OC0zNDM2M2JjN2M0YzAiOnsiY3JlYXRlIjoxMjAwMDAwMDAwMDAwLCJkZWxldGUiOjEyMDAwMDAwMDAwMDAsInVwZGF0ZSI6MTIwMDAwMDAwMDAwMH0sInNjaGVtYV92ZXJzaW9uIjoiNiJ9"
        }
      ]
    },
    {
      "mode": "managed",
      "type": "google_compute_instance",
      "name": "w1",
      "provider": "provider[\"registry.terraform.io/hashicorp/google\"]",
      "instances": [
        {
          "schema_version": 6,
          "attributes": {
            "advanced_machine_features": [],
            "allow_stopping_for_update": null,
            "attached_disk": [],
            "boot_disk": [
              {
                "auto_delete": true,
                "device_name": "persistent-disk-0",
                "disk_encryption_key_raw": "",
                "disk_encryption_key_sha256": "",
                "initialize_params": [
                  {
                    "image": "https://www.googleapis.com/compute/v1/projects/ubuntu-os-cloud/global/images/ubuntu-2404-noble-amd64-v20251121",
                    "labels": {},
                    "resource_manager_tags": null,
                    "size": 20,
                    "type": "pd-ssd"
                  }
                ],
                "kms_key_self_link": "",
                "mode": "READ_WRITE",
                "source": "https://www.googleapis.com/compute/v1/projects/cka-lab-479912/zones/us-east1-b/disks/worker-1"
              }
            ],
            "can_ip_forward": true,
            "confidential_instance_config": [],
            "cpu_platform": "Intel Broadwell",
            "current_status": "RUNNING",
            "deletion_protection": false,
            "description": "",
            "desired_status": null,
            "enable_display": false,
            "guest_accelerator": [],
            "hostname": "w1.cka",
            "id": "projects/cka-lab-479912/zones/us-east1-b/instances/worker-1",
            "instance_id": "1561203096003022292",
            "label_fingerprint": "42WmSpB8rSM=",
            "labels": null,
            "machine_type": "e2-small",
            "metadata": {
              "enable-osconfig": "TRUE",
              "ssh-keys": "ssh-ed25519 AAAAC3NzaC1lZDI1NTE5AAAAIOuvHz4ovrcF3Uj2B9X7Jwgt9VV1wDR6KNRR433zJGx4 elliot, ssh-rsa AAAAB3NzaC1yc2EAAAADAQABAAABAQC2icGmmoZi1OgKVS37SIquk0MO+FWtZBjxRK+tLKxd5h3hacuqZ4SkWWRrd1K2nRO3uazKZASEUo6ksvDDqpviQZOeVsA/9Q0JYXNSB9IRahebgId12beII+kbEDl57wb9czb8K4dMCuU0Rn8mqmaBjM1ruPGaocO7oGyGJEgEUEMJwiKHzz0EfK2QcwDVQ2IExcOAiS3g2SP/pSVkqZjjnwXoO56d6yHAGGp/XpzHu9OW03KNnSlgi9kuQSSwetzTCOUDRbXG0Z1Is4AAdKrSzQ2RkUIVZalUtRAeUSjiWMD4lu4yEdRnQE36Arz3us11CowUb+m44d2u4Qm088Ul elliot'"
            },
            "metadata_fingerprint": "IhllFlxY2GU=",
            "metadata_startup_script": null,
            "min_cpu_platform": "",
            "name": "worker-1",
            "network_interface": [
              {
                "access_config": [
                  {
                    "nat_ip": "34.148.170.129",
                    "network_tier": "PREMIUM",
                    "public_ptr_domain_name": ""
                  }
                ],
                "alias_ip_range": [],
                "internal_ipv6_prefix_length": 0,
                "ipv6_access_config": [],
                "ipv6_access_type": "",
                "ipv6_address": "",
                "name": "nic0",
                "network": "https://www.googleapis.com/compute/v1/projects/cka-lab-479912/global/networks/default",
                "network_ip": "10.0.0.9",
                "nic_type": "",
                "queue_count": 0,
                "stack_type": "IPV4_ONLY",
                "subnetwork": "https://www.googleapis.com/compute/v1/projects/cka-lab-479912/regions/us-east1/subnetworks/kubernetes-subnet",
                "subnetwork_project": "cka-lab-479912"
              }
            ],
            "network_performance_config": [],
            "params": [],
            "project": "cka-lab-479912",
            "reservation_affinity": [],
            "resource_policies": null,
            "scheduling": [
              {
                "automatic_restart": true,
                "instance_termination_action": "",
                "local_ssd_recovery_timeout": [],
                "min_node_cpus": 0,
                "node_affinities": [],
                "on_host_maintenance": "MIGRATE",
                "preemptible": false,
                "provisioning_model": "STANDARD"
              }
            ],
            "scratch_disk": [],
            "self_link": "https://www.googleapis.com/compute/v1/projects/cka-lab-479912/zones/us-east1-b/instances/worker-1",
            "service_account": [],
            "shielded_instance_config": [
              {
                "enable_integrity_monitoring": true,
                "enable_secure_boot": false,
                "enable_vtpm": true
              }
            ],
            "tags": [
              "http-server"
            ],
            "tags_fingerprint": "FYLDgkTKlA4=",
            "timeouts": null,
            "zone": "us-east1-b"
          },
          "sensitive_attributes": [
            [
              {
                "type": "get_attr",
                "value": "boot_disk"
              },
              {
                "type": "index",
                "value": {
                  "value": 0,
                  "type": "number"
                }
              },
              {
                "type": "get_attr",
                "value": "disk_encryption_key_raw"
              }
            ]
          ],
          "identity_schema_version": 0,
          "private": "eyJlMmJmYjczMC1lY2FhLTExZTYtOGY4OC0zNDM2M2JjN2M0YzAiOnsiY3JlYXRlIjoxMjAwMDAwMDAwMDAwLCJkZWxldGUiOjEyMDAwMDAwMDAwMDAsInVwZGF0ZSI6MTIwMDAwMDAwMDAwMH0sInNjaGVtYV92ZXJzaW9uIjoiNiJ9"
        }
      ]
    },
    {
      "mode": "managed",
      "type": "google_compute_instance",
      "name": "w2",
      "provider": "provider[\"registry.terraform.io/hashicorp/google\"]",
      "instances": [
        {
          "schema_version": 6,
          "attributes": {
            "advanced_machine_features": [],
            "allow_stopping_for_update": null,
            "attached_disk": [],
            "boot_disk": [
              {
                "auto_delete": true,
                "device_name": "persistent-disk-0",
                "disk_encryption_key_raw": "",
                "disk_encryption_key_sha256": "",
                "initialize_params": [
                  {
                    "image": "https://www.googleapis.com/compute/v1/projects/ubuntu-os-cloud/global/images/ubuntu-2404-noble-amd64-v20251121",
                    "labels": {},
                    "resource_manager_tags": null,
                    "size": 20,
                    "type": "pd-ssd"
                  }
                ],
                "kms_key_self_link": "",
                "mode": "READ_WRITE",
                "source": "https://www.googleapis.com/compute/v1/projects/cka-lab-479912/zones/us-east1-b/disks/worker-2"
              }
            ],
            "can_ip_forward": true,
            "confidential_instance_config": [],
            "cpu_platform": "Intel Broadwell",
            "current_status": "RUNNING",
            "deletion_protection": false,
            "description": "",
            "desired_status": null,
            "enable_display": false,
            "guest_accelerator": [],
            "hostname": "w2.cka",
            "id": "projects/cka-lab-479912/zones/us-east1-b/instances/worker-2",
            "instance_id": "7255201837727354324",
            "label_fingerprint": "42WmSpB8rSM=",
            "labels": null,
            "machine_type": "e2-small",
            "metadata": {
              "enable-osconfig": "TRUE",
              "ssh-keys": "ssh-ed25519 AAAAC3NzaC1lZDI1NTE5AAAAIOuvHz4ovrcF3Uj2B9X7Jwgt9VV1wDR6KNRR433zJGx4 elliot, ssh-rsa AAAAB3NzaC1yc2EAAAADAQABAAABAQC2icGmmoZi1OgKVS37SIquk0MO+FWtZBjxRK+tLKxd5h3hacuqZ4SkWWRrd1K2nRO3uazKZASEUo6ksvDDqpviQZOeVsA/9Q0JYXNSB9IRahebgId12beII+kbEDl57wb9czb8K4dMCuU0Rn8mqmaBjM1ruPGaocO7oGyGJEgEUEMJwiKHzz0EfK2QcwDVQ2IExcOAiS3g2SP/pSVkqZjjnwXoO56d6yHAGGp/XpzHu9OW03KNnSlgi9kuQSSwetzTCOUDRbXG0Z1Is4AAdKrSzQ2RkUIVZalUtRAeUSjiWMD4lu4yEdRnQE36Arz3us11CowUb+m44d2u4Qm088Ul elliot"
            },
            "metadata_fingerprint": "lbWZ69C3-gQ=",
            "metadata_startup_script": null,
            "min_cpu_platform": "",
            "name": "worker-2",
            "network_interface": [
              {
                "access_config": [
                  {
                    "nat_ip": "34.148.214.37",
                    "network_tier": "PREMIUM",
                    "public_ptr_domain_name": ""
                  }
                ],
                "alias_ip_range": [],
                "internal_ipv6_prefix_length": 0,
                "ipv6_access_config": [],
                "ipv6_access_type": "",
                "ipv6_address": "",
                "name": "nic0",
                "network": "https://www.googleapis.com/compute/v1/projects/cka-lab-479912/global/networks/default",
                "network_ip": "10.0.0.10",
                "nic_type": "",
                "queue_count": 0,
                "stack_type": "IPV4_ONLY",
                "subnetwork": "https://www.googleapis.com/compute/v1/projects/cka-lab-479912/regions/us-east1/subnetworks/kubernetes-subnet",
                "subnetwork_project": "cka-lab-479912"
              }
            ],
            "network_performance_config": [],
            "params": [],
            "project": "cka-lab-479912",
            "reservation_affinity": [],
            "resource_policies": null,
            "scheduling": [
              {
                "automatic_restart": true,
                "instance_termination_action": "",
                "local_ssd_recovery_timeout": [],
                "min_node_cpus": 0,
                "node_affinities": [],
                "on_host_maintenance": "MIGRATE",
                "preemptible": false,
                "provisioning_model": "STANDARD"
              }
            ],
            "scratch_disk": [],
            "self_link": "https://www.googleapis.com/compute/v1/projects/cka-lab-479912/zones/us-east1-b/instances/worker-2",
            "service_account": [],
            "shielded_instance_config": [
              {
                "enable_integrity_monitoring": true,
                "enable_secure_boot": false,
                "enable_vtpm": true
              }
            ],
            "tags": [
              "http-server"
            ],
            "tags_fingerprint": "FYLDgkTKlA4=",
            "timeouts": null,
            "zone": "us-east1-b"
          },
          "sensitive_attributes": [
            [
              {
                "type": "get_attr",
                "value": "boot_disk"
              },
              {
                "type": "index",
                "value": {
                  "value": 0,
                  "type": "number"
                }
              },
              {
                "type": "get_attr",
                "value": "disk_encryption_key_raw"
              }
            ]
          ],
          "identity_schema_version": 0,
          "private": "eyJlMmJmYjczMC1lY2FhLTExZTYtOGY4OC0zNDM2M2JjN2M0YzAiOnsiY3JlYXRlIjoxMjAwMDAwMDAwMDAwLCJkZWxldGUiOjEyMDAwMDAwMDAwMDAsInVwZGF0ZSI6MTIwMDAwMDAwMDAwMH0sInNjaGVtYV92ZXJzaW9uIjoiNiJ9"
        }
      ]
    }
  ],
  "check_results": null
}
